lockfileVersion: '9.0'

settings:
  autoInstallPeers: true
  excludeLinksFromLockfile: false

importers:

  .:
    dependencies:
      bun:
        specifier: 1.1.30
        version: 1.1.30
      pino:
        specifier: ^9.5.0
        version: 9.5.0
    devDependencies:
      '@types/bun':
        specifier: ^1.1.11
        version: 1.1.11
      '@types/ws':
        specifier: ^8.5.12
        version: 8.5.12

packages:

  '@oven/bun-darwin-aarch64@1.1.30':
    resolution: {integrity: sha512-D07QioP+QXlouvIqQIS+7r2zq4lTNd6he79rhKsRQRZGFf9i3NPu87zspUpCaFEu//DZ35DYTt+5anQpAzpoxA==}
    cpu: [arm64]
    os: [darwin]

  '@oven/bun-darwin-x64-baseline@1.1.30':
    resolution: {integrity: sha512-1kFUCxHx7WuEbLDmqm0m2UKBd3S4Ln6qKQ4gxU4umMLFkmvDJn6PszDruFInxGKFLoTAmbXNYNVWkkG/ekt/Lg==}
    cpu: [x64]
    os: [darwin]

  '@oven/bun-darwin-x64@1.1.30':
    resolution: {integrity: sha512-xZ4gTehS6QwN6bsJfDycCNneKoUMaFUQhQg24bJzXS4JPDxeKg1W7PS5AE+U9apz5Dx6//+D4RwVpAPG2LXt0w==}
    cpu: [x64]
    os: [darwin]

  '@oven/bun-linux-aarch64@1.1.30':
    resolution: {integrity: sha512-SfHHLlph6fptDXyyChcUkeDbEZr2ww1p2BucV6OrvzwTOPi8pVmXA4360YT8ggR/3AHPp4GO36VaD+FU2Ocbxw==}
    cpu: [arm64]
    os: [linux]

  '@oven/bun-linux-x64-baseline@1.1.30':
    resolution: {integrity: sha512-/b/VuNOaAYmsVk9MvfwKcCYARJPUg78hebxNyD5DSajAf3dqtUSnf7QYcq/3mxWH++N+gM7uRTrGksGS63+ZUw==}
    cpu: [x64]
    os: [linux]

  '@oven/bun-linux-x64@1.1.30':
    resolution: {integrity: sha512-1mC39jQSaECytEKAZdCZmv3ZreMsp7aoxnBwmJtVd2Z7urnw17PKi4dKkZd/R+AubsNYtXtW4jeM8SEa5sUJRw==}
    cpu: [x64]
    os: [linux]

  '@oven/bun-windows-x64-baseline@1.1.30':
    resolution: {integrity: sha512-ERQ4/ogzbFvHjpyHcnruc8bnryvDvUoiWi6vczfQ4M/idJc+Kg5VSEJiF5k7946rIZGamG6QWgRxtpIglD4/Zw==}
    cpu: [x64]
    os: [win32]

  '@oven/bun-windows-x64@1.1.30':
    resolution: {integrity: sha512-mdRjNtD9NIA8CiH6N1zrIVE6oAtDko/c29H1s00UA+5O/WhXhg95G8IyInD8hN3vAEz8H2lGBgLG2EGfSFxnGg==}
    cpu: [x64]
    os: [win32]

  '@types/bun@1.1.11':
    resolution: {integrity: sha512-0N7D/H/8sbf9JMkaG5F3+I/cB4TlhKTkO9EskEWP8XDr8aVcDe4EywSnU4cnyZy6tar1dq70NeFNkqMEUigthw==}

  '@types/node@20.12.14':
    resolution: {integrity: sha512-scnD59RpYD91xngrQQLGkE+6UrHUPzeKZWhhjBSa3HSkwjbQc38+q3RoIVEwxQGRw3M+j5hpNAM+lgV3cVormg==}

  '@types/node@22.7.5':
    resolution: {integrity: sha512-jML7s2NAzMWc//QSJ1a3prpk78cOPchGvXJsC3C6R6PSMoooztvRVQEz89gmBTBY1SPMaqo5teB4uNHPdetShQ==}

  '@types/ws@8.5.12':
    resolution: {integrity: sha512-3tPRkv1EtkDpzlgyKyI8pGsGZAGPEaXeu0DOj5DI25Ja91bdAYddYHbADRYVrZMRbfW+1l5YwXVDKohDJNQxkQ==}

  atomic-sleep@1.0.0:
    resolution: {integrity: sha512-kNOjDqAh7px0XWNI+4QbzoiR/nTkHAWNud2uvnJquD1/x5a7EQZMJT0AczqK0Qn67oY/TTQ1LbUKajZpp3I9tQ==}
    engines: {node: '>=8.0.0'}

  bun-types@1.1.30:
    resolution: {integrity: sha512-mGh7NLisOXskBU62DxLS+/nwmLlCYHYAkCzdo4DZ9+fzrpP41hAdOqaN4DO6tQfenHb4pYb0/shw29k4/6I2yQ==}

  bun@1.1.30:
    resolution: {integrity: sha512-ysRL1pq10Xba0jqVLPrKU3YIv0ohfp3cTajCPtpjCyppbn3lfiAVNpGoHfyaxS17OlPmWmR67UZRPw/EueQuug==}
    os: [darwin, linux, win32]
    hasBin: true

  fast-redact@3.5.0:
    resolution: {integrity: sha512-dwsoQlS7h9hMeYUq1W++23NDcBLV4KqONnITDV9DjfS3q1SgDGVrBdvvTLUotWtPSD7asWDV9/CmsZPy8Hf70A==}
    engines: {node: '>=6'}

  on-exit-leak-free@2.1.2:
    resolution: {integrity: sha512-0eJJY6hXLGf1udHwfNftBqH+g73EU4B504nZeKpz1sYRKafAghwxEJunB2O7rDZkL4PGfsMVnTXZ2EjibbqcsA==}
    engines: {node: '>=14.0.0'}

  pino-abstract-transport@2.0.0:
    resolution: {integrity: sha512-F63x5tizV6WCh4R6RHyi2Ml+M70DNRXt/+HANowMflpgGFMAym/VKm6G7ZOQRjqN7XbGxK1Lg9t6ZrtzOaivMw==}

  pino-std-serializers@7.0.0:
    resolution: {integrity: sha512-e906FRY0+tV27iq4juKzSYPbUj2do2X2JX4EzSca1631EB2QJQUqGbDuERal7LCtOpxl6x3+nvo9NPZcmjkiFA==}

  pino@9.5.0:
    resolution: {integrity: sha512-xSEmD4pLnV54t0NOUN16yCl7RIB1c5UUOse5HSyEXtBp+FgFQyPeDutc+Q2ZO7/22vImV7VfEjH/1zV2QuqvYw==}
    hasBin: true

  process-warning@4.0.0:
    resolution: {integrity: sha512-/MyYDxttz7DfGMMHiysAsFE4qF+pQYAA8ziO/3NcRVrQ5fSk+Mns4QZA/oRPFzvcqNoVJXQNWNAsdwBXLUkQKw==}

  quick-format-unescaped@4.0.4:
    resolution: {integrity: sha512-tYC1Q1hgyRuHgloV/YXs2w15unPVh8qfu/qCTfhTYamaw7fyhumKa2yGpdSo87vY32rIclj+4fWYQXUMs9EHvg==}

  real-require@0.2.0:
    resolution: {integrity: sha512-57frrGM/OCTLqLOAh0mhVA9VBMHd+9U7Zb2THMGdBUoZVOtGbJzjxsYGDJ3A9AYYCP4hn6y1TVbaOfzWtm5GFg==}
    engines: {node: '>= 12.13.0'}

  safe-stable-stringify@2.5.0:
    resolution: {integrity: sha512-b3rppTKm9T+PsVCBEOUR46GWI7fdOs00VKZ1+9c1EWDaDMvjQc6tUwuFyIprgGgTcWoVHSKrU8H31ZHA2e0RHA==}
    engines: {node: '>=10'}

  sonic-boom@4.2.0:
    resolution: {integrity: sha512-INb7TM37/mAcsGmc9hyyI6+QR3rR1zVRu36B0NeGXKnOOLiZOfER5SA+N7X7k3yUYRzLWafduTDvJAfDswwEww==}

  split2@4.2.0:
    resolution: {integrity: sha512-UcjcJOWknrNkF6PLX83qcHM6KHgVKNkV62Y8a5uYDVv9ydGQVwAHMKqHdJje1VTWpljG0WYpCDhrCdAOYH4TWg==}
    engines: {node: '>= 10.x'}

  thread-stream@3.1.0:
    resolution: {integrity: sha512-OqyPZ9u96VohAyMfJykzmivOrY2wfMSf3C5TtFJVgN+Hm6aj+voFhlK+kZEIv2FBh1X6Xp3DlnCOfEQ3B2J86A==}

  undici-types@5.26.5:
    resolution: {integrity: sha512-JlCMO+ehdEIKqlFxk6IfVoAUVmgz7cU7zD/h9XZ0qzeosSHmUJVOzSQvvYSYWXkFXC+IfLKSIffhv0sVZup6pA==}

  undici-types@6.19.8:
    resolution: {integrity: sha512-ve2KP6f/JnbPBFyobGHuerC9g1FYGn/F8n1LWTwNxCEzd6IfqTwUQcNXgEtmmQ6DlRrC1hrSrBnCZPokRrDHjw==}

snapshots:

  '@oven/bun-darwin-aarch64@1.1.30':
    optional: true

  '@oven/bun-darwin-x64-baseline@1.1.30':
    optional: true

  '@oven/bun-darwin-x64@1.1.30':
    optional: true

  '@oven/bun-linux-aarch64@1.1.30':
    optional: true

  '@oven/bun-linux-x64-baseline@1.1.30':
    optional: true

  '@oven/bun-linux-x64@1.1.30':
    optional: true

  '@oven/bun-windows-x64-baseline@1.1.30':
    optional: true

  '@oven/bun-windows-x64@1.1.30':
    optional: true

  '@types/bun@1.1.11':
    dependencies:
      bun-types: 1.1.30

  '@types/node@20.12.14':
    dependencies:
      undici-types: 5.26.5

  '@types/node@22.7.5':
    dependencies:
      undici-types: 6.19.8

  '@types/ws@8.5.12':
    dependencies:
      '@types/node': 22.7.5

  atomic-sleep@1.0.0: {}

  bun-types@1.1.30:
    dependencies:
      '@types/node': 20.12.14
      '@types/ws': 8.5.12

  bun@1.1.30:
    optionalDependencies:
      '@oven/bun-darwin-aarch64': 1.1.30
      '@oven/bun-darwin-x64': 1.1.30
      '@oven/bun-darwin-x64-baseline': 1.1.30
      '@oven/bun-linux-aarch64': 1.1.30
      '@oven/bun-linux-x64': 1.1.30
      '@oven/bun-linux-x64-baseline': 1.1.30
      '@oven/bun-windows-x64': 1.1.30
      '@oven/bun-windows-x64-baseline': 1.1.30

  fast-redact@3.5.0: {}

  on-exit-leak-free@2.1.2: {}

  pino-abstract-transport@2.0.0:
    dependencies:
      split2: 4.2.0

  pino-std-serializers@7.0.0: {}

  pino@9.5.0:
    dependencies:
      atomic-sleep: 1.0.0
      fast-redact: 3.5.0
      on-exit-leak-free: 2.1.2
      pino-abstract-transport: 2.0.0
      pino-std-serializers: 7.0.0
      process-warning: 4.0.0
      quick-format-unescaped: 4.0.4
      real-require: 0.2.0
      safe-stable-stringify: 2.5.0
      sonic-boom: 4.2.0
      thread-stream: 3.1.0

  process-warning@4.0.0: {}

  quick-format-unescaped@4.0.4: {}

  real-require@0.2.0: {}

  safe-stable-stringify@2.5.0: {}

  sonic-boom@4.2.0:
    dependencies:
      atomic-sleep: 1.0.0

  split2@4.2.0: {}

  thread-stream@3.1.0:
    dependencies:
      real-require: 0.2.0

  undici-types@5.26.5: {}

  undici-types@6.19.8: {}
